
Microsoft Visual Studio Solution File, Format Version 12.00
# Visual Studio Version 17
VisualStudioVersion = 17.0.31903.59
MinimumVisualStudioVersion = 10.0.40219.1
Project("{FAE04EC0-301F-11D3-BF4B-00C04F79EFBC}") = "API", "API\API.csproj", "{DA336011-D52B-4632-8D17-79601A0EB30A}"
EndProject
Global
	GlobalSection(SolutionConfigurationPlatforms) = preSolution
		Debug|Any CPU = Debug|Any CPU
		Release|Any CPU = Release|Any CPU
	EndGlobalSection
	GlobalSection(SolutionProperties) = preSolution
		HideSolutionNode = FALSE
	EndGlobalSection
	GlobalSection(ProjectConfigurationPlatforms) = postSolution
		{DA336011-D52B-4632-8D17-79601A0EB30A}.Debug|Any CPU.ActiveCfg = Debug|Any CPU
		{DA336011-D52B-4632-8D17-79601A0EB30A}.Debug|Any CPU.Build.0 = Debug|Any CPU
		{DA336011-D52B-4632-8D17-79601A0EB30A}.Release|Any CPU.ActiveCfg = Release|Any CPU
		{DA336011-D52B-4632-8D17-79601A0EB30A}.Release|Any CPU.Build.0 = Release|Any CPU
	EndGlobalSection
EndGlobal
